
Microsoft Visual Studio Solution File, Format Version 12.00
# Visual Studio 15
VisualStudioVersion = 15.0.28307.438
MinimumVisualStudioVersion = 10.0.40219.1
Project("{FAE04EC0-301F-11D3-BF4B-00C04F79EFBC}") = "Turnir", "Turnir\Turnir.csproj", "{F970A5F5-95DB-41E5-AB1A-2EF9E66469FE}"
EndProject
Global
	GlobalSection(SolutionConfigurationPlatforms) = preSolution
		Debug|Any CPU = Debug|Any CPU
		Release|Any CPU = Release|Any CPU
	EndGlobalSection
	GlobalSection(ProjectConfigurationPlatforms) = postSolution
		{F970A5F5-95DB-41E5-AB1A-2EF9E66469FE}.Debug|Any CPU.ActiveCfg = Debug|Any CPU
		{F970A5F5-95DB-41E5-AB1A-2EF9E66469FE}.Debug|Any CPU.Build.0 = Debug|Any CPU
		{F970A5F5-95DB-41E5-AB1A-2EF9E66469FE}.Release|Any CPU.ActiveCfg = Release|Any CPU
		{F970A5F5-95DB-41E5-AB1A-2EF9E66469FE}.Release|Any CPU.Build.0 = Release|Any CPU
	EndGlobalSection
	GlobalSection(SolutionProperties) = preSolution
		HideSolutionNode = FALSE
	EndGlobalSection
	GlobalSection(ExtensibilityGlobals) = postSolution
		SolutionGuid = {5E0D113D-0E2A-48D4-B0A4-1C77705E466C}
	EndGlobalSection
EndGlobal
